
Microsoft Visual Studio Solution File, Format Version 12.00
Project("{FAE04EC0-301F-11D3-BF4B-00C04F79EFBC}") = "TeamCard.API", "TeamCard.API\TeamCard.API.csproj", "{B76A0841-3DA3-47C2-BC6B-25E404DC65C3}"
EndProject
Global
	GlobalSection(SolutionConfigurationPlatforms) = preSolution
		Debug|Any CPU = Debug|Any CPU
		Release|Any CPU = Release|Any CPU
	EndGlobalSection
	GlobalSection(ProjectConfigurationPlatforms) = postSolution
		{B76A0841-3DA3-47C2-BC6B-25E404DC65C3}.Debug|Any CPU.ActiveCfg = Debug|Any CPU
		{B76A0841-3DA3-47C2-BC6B-25E404DC65C3}.Debug|Any CPU.Build.0 = Debug|Any CPU
		{B76A0841-3DA3-47C2-BC6B-25E404DC65C3}.Release|Any CPU.ActiveCfg = Release|Any CPU
		{B76A0841-3DA3-47C2-BC6B-25E404DC65C3}.Release|Any CPU.Build.0 = Release|Any CPU
	EndGlobalSection
EndGlobal
