
Microsoft Visual Studio Solution File, Format Version 12.00
Project("{FAE04EC0-301F-11D3-BF4B-00C04F79EFBC}") = "TeamCard.Core", "services\core\TeamCard.Core\TeamCard.Core.csproj", "{B9C54BFB-A068-4000-9CD0-B7E3C5B04C40}"
EndProject
Global
	GlobalSection(SolutionConfigurationPlatforms) = preSolution
		Debug|Any CPU = Debug|Any CPU
		Release|Any CPU = Release|Any CPU
	EndGlobalSection
	GlobalSection(ProjectConfigurationPlatforms) = postSolution
		{B9C54BFB-A068-4000-9CD0-B7E3C5B04C40}.Debug|Any CPU.ActiveCfg = Debug|Any CPU
		{B9C54BFB-A068-4000-9CD0-B7E3C5B04C40}.Debug|Any CPU.Build.0 = Debug|Any CPU
		{B9C54BFB-A068-4000-9CD0-B7E3C5B04C40}.Release|Any CPU.ActiveCfg = Release|Any CPU
		{B9C54BFB-A068-4000-9CD0-B7E3C5B04C40}.Release|Any CPU.Build.0 = Release|Any CPU
	EndGlobalSection
EndGlobal
